
Microsoft Visual Studio Solution File, Format Version 12.00
# Visual Studio Version 16
VisualStudioVersion = 16.0.31624.102
MinimumVisualStudioVersion = 10.0.40219.1
Project("{FAE04EC0-301F-11D3-BF4B-00C04F79EFBC}") = "Lab2", "Lab2\Lab2.csproj", "{46F77EA7-851A-473E-8A70-8D22CF7FEB6F}"
EndProject
Project("{FAE04EC0-301F-11D3-BF4B-00C04F79EFBC}") = "Lab3", "Lab3\Lab3.csproj", "{7BED4F14-780A-41BD-BAD8-925AD122E850}"
EndProject
Project("{FAE04EC0-301F-11D3-BF4B-00C04F79EFBC}") = "Lab4", "Lab4\Lab4.csproj", "{7EC17A9D-DFEE-4A5B-81DB-E5F943E4C044}"
EndProject
Project("{FAE04EC0-301F-11D3-BF4B-00C04F79EFBC}") = "Lab 1", "Lab1\Lab 1.csproj", "{637FB8AB-F339-4DE5-B828-A5605BBC5D1A}"
EndProject
Global
	GlobalSection(SolutionConfigurationPlatforms) = preSolution
		Debug|Any CPU = Debug|Any CPU
		Release|Any CPU = Release|Any CPU
	EndGlobalSection
	GlobalSection(ProjectConfigurationPlatforms) = postSolution
		{46F77EA7-851A-473E-8A70-8D22CF7FEB6F}.Debug|Any CPU.ActiveCfg = Debug|Any CPU
		{46F77EA7-851A-473E-8A70-8D22CF7FEB6F}.Debug|Any CPU.Build.0 = Debug|Any CPU
		{46F77EA7-851A-473E-8A70-8D22CF7FEB6F}.Release|Any CPU.ActiveCfg = Release|Any CPU
		{46F77EA7-851A-473E-8A70-8D22CF7FEB6F}.Release|Any CPU.Build.0 = Release|Any CPU
		{7BED4F14-780A-41BD-BAD8-925AD122E850}.Debug|Any CPU.ActiveCfg = Debug|Any CPU
		{7BED4F14-780A-41BD-BAD8-925AD122E850}.Debug|Any CPU.Build.0 = Debug|Any CPU
		{7BED4F14-780A-41BD-BAD8-925AD122E850}.Release|Any CPU.ActiveCfg = Release|Any CPU
		{7BED4F14-780A-41BD-BAD8-925AD122E850}.Release|Any CPU.Build.0 = Release|Any CPU
		{7EC17A9D-DFEE-4A5B-81DB-E5F943E4C044}.Debug|Any CPU.ActiveCfg = Debug|Any CPU
		{7EC17A9D-DFEE-4A5B-81DB-E5F943E4C044}.Debug|Any CPU.Build.0 = Debug|Any CPU
		{7EC17A9D-DFEE-4A5B-81DB-E5F943E4C044}.Release|Any CPU.ActiveCfg = Release|Any CPU
		{7EC17A9D-DFEE-4A5B-81DB-E5F943E4C044}.Release|Any CPU.Build.0 = Release|Any CPU
		{637FB8AB-F339-4DE5-B828-A5605BBC5D1A}.Debug|Any CPU.ActiveCfg = Debug|Any CPU
		{637FB8AB-F339-4DE5-B828-A5605BBC5D1A}.Debug|Any CPU.Build.0 = Debug|Any CPU
		{637FB8AB-F339-4DE5-B828-A5605BBC5D1A}.Release|Any CPU.ActiveCfg = Release|Any CPU
		{637FB8AB-F339-4DE5-B828-A5605BBC5D1A}.Release|Any CPU.Build.0 = Release|Any CPU
	EndGlobalSection
	GlobalSection(SolutionProperties) = preSolution
		HideSolutionNode = FALSE
	EndGlobalSection
	GlobalSection(ExtensibilityGlobals) = postSolution
		SolutionGuid = {6F90C69E-41AE-4B6B-A2CB-84CD864F183E}
	EndGlobalSection
EndGlobal
