
Microsoft Visual Studio Solution File, Format Version 12.00
# Visual Studio Version 16
VisualStudioVersion = 16.0.31624.102
MinimumVisualStudioVersion = 10.0.40219.1
Project("{FAE04EC0-301F-11D3-BF4B-00C04F79EFBC}") = "Labs 1-4", "Labs_Mohylnik_PD-21\Labs 1-4.csproj", "{637FB8AB-F339-4DE5-B828-A5605BBC5D1A}"
EndProject
Global
	GlobalSection(SolutionConfigurationPlatforms) = preSolution
		Debug|Any CPU = Debug|Any CPU
		Release|Any CPU = Release|Any CPU
	EndGlobalSection
	GlobalSection(ProjectConfigurationPlatforms) = postSolution
		{637FB8AB-F339-4DE5-B828-A5605BBC5D1A}.Debug|Any CPU.ActiveCfg = Debug|Any CPU
		{637FB8AB-F339-4DE5-B828-A5605BBC5D1A}.Debug|Any CPU.Build.0 = Debug|Any CPU
		{637FB8AB-F339-4DE5-B828-A5605BBC5D1A}.Release|Any CPU.ActiveCfg = Release|Any CPU
		{637FB8AB-F339-4DE5-B828-A5605BBC5D1A}.Release|Any CPU.Build.0 = Release|Any CPU
	EndGlobalSection
	GlobalSection(SolutionProperties) = preSolution
		HideSolutionNode = FALSE
	EndGlobalSection
	GlobalSection(ExtensibilityGlobals) = postSolution
		SolutionGuid = {6F90C69E-41AE-4B6B-A2CB-84CD864F183E}
	EndGlobalSection
EndGlobal
